
Microsoft Visual Studio Solution File, Format Version 12.00
# Visual Studio 15
VisualStudioVersion = 15.0.28307.168
MinimumVisualStudioVersion = 10.0.40219.1
Project("{8BC9CEB8-8B4A-11D0-8D11-00A0C91BC942}") = "DLL_injector_for_TestProject1", "DLL_injector_for_TestProject1\DLL_injector_for_TestProject1.vcxproj", "{67BE227A-C55B-43F2-AC0B-C20D1CB262A1}"
EndProject
Global
	GlobalSection(SolutionConfigurationPlatforms) = preSolution
		Debug|x64 = Debug|x64
		Debug|x86 = Debug|x86
		Release|x64 = Release|x64
		Release|x86 = Release|x86
	EndGlobalSection
	GlobalSection(ProjectConfigurationPlatforms) = postSolution
		{67BE227A-C55B-43F2-AC0B-C20D1CB262A1}.Debug|x64.ActiveCfg = Debug|x64
		{67BE227A-C55B-43F2-AC0B-C20D1CB262A1}.Debug|x64.Build.0 = Debug|x64
		{67BE227A-C55B-43F2-AC0B-C20D1CB262A1}.Debug|x86.ActiveCfg = Debug|Win32
		{67BE227A-C55B-43F2-AC0B-C20D1CB262A1}.Debug|x86.Build.0 = Debug|Win32
		{67BE227A-C55B-43F2-AC0B-C20D1CB262A1}.Release|x64.ActiveCfg = Release|x64
		{67BE227A-C55B-43F2-AC0B-C20D1CB262A1}.Release|x64.Build.0 = Release|x64
		{67BE227A-C55B-43F2-AC0B-C20D1CB262A1}.Release|x86.ActiveCfg = Release|Win32
		{67BE227A-C55B-43F2-AC0B-C20D1CB262A1}.Release|x86.Build.0 = Release|Win32
	EndGlobalSection
	GlobalSection(SolutionProperties) = preSolution
		HideSolutionNode = FALSE
	EndGlobalSection
	GlobalSection(ExtensibilityGlobals) = postSolution
		SolutionGuid = {BF806281-7E0A-4212-BBEC-408BE0158D2F}
	EndGlobalSection
EndGlobal
